// !$*UTF8*$!
{
	archiveVersion = 1;
	classes = {
	};
	objectVersion = 51;
	objects = {

/* Begin PBXBuildFile section */
		577FF304D86421F7CF8871A9 /* Pods_NYTTestTests.framework in Frameworks */ = {isa = PBXBuildFile; fileRef = 88A3940383B1E608091C176A /* Pods_NYTTestTests.framework */; };
		6291D46623DD6BAB006254A6 /* AppDelegate.swift in Sources */ = {isa = PBXBuildFile; fileRef = 6291D46523DD6BAB006254A6 /* AppDelegate.swift */; };
		6291D46823DD6BAB006254A6 /* SceneDelegate.swift in Sources */ = {isa = PBXBuildFile; fileRef = 6291D46723DD6BAB006254A6 /* SceneDelegate.swift */; };
		6291D46A23DD6BAB006254A6 /* ViewController.swift in Sources */ = {isa = PBXBuildFile; fileRef = 6291D46923DD6BAB006254A6 /* ViewController.swift */; };
		6291D46D23DD6BAB006254A6 /* Main.storyboard in Resources */ = {isa = PBXBuildFile; fileRef = 6291D46B23DD6BAB006254A6 /* Main.storyboard */; };
		6291D46F23DD6BAF006254A6 /* Assets.xcassets in Resources */ = {isa = PBXBuildFile; fileRef = 6291D46E23DD6BAF006254A6 /* Assets.xcassets */; };
		6291D47223DD6BAF006254A6 /* LaunchScreen.storyboard in Resources */ = {isa = PBXBuildFile; fileRef = 6291D47023DD6BAF006254A6 /* LaunchScreen.storyboard */; };
		6291D47D23DD6BAF006254A6 /* NYTTestTests.swift in Sources */ = {isa = PBXBuildFile; fileRef = 6291D47C23DD6BAF006254A6 /* NYTTestTests.swift */; };
		6291D48823DD6BB0006254A6 /* NYTTestUITests.swift in Sources */ = {isa = PBXBuildFile; fileRef = 6291D48723DD6BB0006254A6 /* NYTTestUITests.swift */; };
		6291D4A123DD78C7006254A6 /* NYTModel.xcdatamodeld in Sources */ = {isa = PBXBuildFile; fileRef = 6291D49F23DD78C7006254A6 /* NYTModel.xcdatamodeld */; };
		6291D4A423DD7B82006254A6 /* NYTSection.swift in Sources */ = {isa = PBXBuildFile; fileRef = 6291D4A323DD7B82006254A6 /* NYTSection.swift */; };
		6291D4A623DD7BA3006254A6 /* SessionManager.swift in Sources */ = {isa = PBXBuildFile; fileRef = 6291D4A523DD7BA3006254A6 /* SessionManager.swift */; };
		6291D4A823DD7BC1006254A6 /* Constants.swift in Sources */ = {isa = PBXBuildFile; fileRef = 6291D4A723DD7BC1006254A6 /* Constants.swift */; };
		6291D4B123DD7C2A006254A6 /* DashboardTableViewDataSource.swift in Sources */ = {isa = PBXBuildFile; fileRef = 6291D4B023DD7C2A006254A6 /* DashboardTableViewDataSource.swift */; };
		6291D4C023DD7DB8006254A6 /* DashboardTableViewCell.xib in Resources */ = {isa = PBXBuildFile; fileRef = 6291D4BE23DD7DB7006254A6 /* DashboardTableViewCell.xib */; };
		6291D4C123DD7DB8006254A6 /* DashboardTableViewCell.swift in Sources */ = {isa = PBXBuildFile; fileRef = 6291D4BF23DD7DB7006254A6 /* DashboardTableViewCell.swift */; };
		6291D4C423DD7DDB006254A6 /* DashboardViewController.xib in Resources */ = {isa = PBXBuildFile; fileRef = 6291D4C223DD7DDA006254A6 /* DashboardViewController.xib */; };
		6291D4C523DD7DDB006254A6 /* DashboardViewController.swift in Sources */ = {isa = PBXBuildFile; fileRef = 6291D4C323DD7DDB006254A6 /* DashboardViewController.swift */; };
		6291D4D723DD7E9E006254A6 /* ArticleRequest.swift in Sources */ = {isa = PBXBuildFile; fileRef = 6291D4D623DD7E9E006254A6 /* ArticleRequest.swift */; };
		6291D4D923DD7EBB006254A6 /* Article.swift in Sources */ = {isa = PBXBuildFile; fileRef = 6291D4D823DD7EBB006254A6 /* Article.swift */; };
		6291D4DC23DD7ED8006254A6 /* ArticleViewController.swift in Sources */ = {isa = PBXBuildFile; fileRef = 6291D4DA23DD7ED8006254A6 /* ArticleViewController.swift */; };
		6291D4DD23DD7ED8006254A6 /* ArticleViewController.xib in Resources */ = {isa = PBXBuildFile; fileRef = 6291D4DB23DD7ED8006254A6 /* ArticleViewController.xib */; };
		6291D4E023DD7F19006254A6 /* ArticleTableViewCell.xib in Resources */ = {isa = PBXBuildFile; fileRef = 6291D4DE23DD7F19006254A6 /* ArticleTableViewCell.xib */; };
		6291D4E123DD7F19006254A6 /* ArticleTableViewCell.swift in Sources */ = {isa = PBXBuildFile; fileRef = 6291D4DF23DD7F19006254A6 /* ArticleTableViewCell.swift */; };
		6291D4E323DD7F37006254A6 /* ArticleTableViewDataSource.swift in Sources */ = {isa = PBXBuildFile; fileRef = 6291D4E223DD7F37006254A6 /* ArticleTableViewDataSource.swift */; };
		6291D4E723DD7F8A006254A6 /* ArticleDetailViewController.swift in Sources */ = {isa = PBXBuildFile; fileRef = 6291D4E523DD7F8A006254A6 /* ArticleDetailViewController.swift */; };
		6291D4E823DD7F8A006254A6 /* ArticleDetailViewController.xib in Resources */ = {isa = PBXBuildFile; fileRef = 6291D4E623DD7F8A006254A6 /* ArticleDetailViewController.xib */; };
		6291D4ED23DD7FD2006254A6 /* UIColorExtension.swift in Sources */ = {isa = PBXBuildFile; fileRef = 6291D4EA23DD7FD2006254A6 /* UIColorExtension.swift */; };
		6291D4EE23DD7FD2006254A6 /* UIFontExtension.swift in Sources */ = {isa = PBXBuildFile; fileRef = 6291D4EB23DD7FD2006254A6 /* UIFontExtension.swift */; };
		6291D4EF23DD7FD2006254A6 /* DateExtension.swift in Sources */ = {isa = PBXBuildFile; fileRef = 6291D4EC23DD7FD2006254A6 /* DateExtension.swift */; };
		6291D4F523DD802F006254A6 /* FileReader.swift in Sources */ = {isa = PBXBuildFile; fileRef = 6291D4F123DD802F006254A6 /* FileReader.swift */; };
		6291D4F623DD802F006254A6 /* ErrorInfo.swift in Sources */ = {isa = PBXBuildFile; fileRef = 6291D4F223DD802F006254A6 /* ErrorInfo.swift */; };
		6291D4F723DD802F006254A6 /* AppAppearenceHelper.swift in Sources */ = {isa = PBXBuildFile; fileRef = 6291D4F323DD802F006254A6 /* AppAppearenceHelper.swift */; };
		6291D4F823DD802F006254A6 /* ErrorHandler.swift in Sources */ = {isa = PBXBuildFile; fileRef = 6291D4F423DD802F006254A6 /* ErrorHandler.swift */; };
		7E6EADC4B2D2A5F6765149D2 /* Pods_NYTTest_NYTTestUITests.framework in Frameworks */ = {isa = PBXBuildFile; fileRef = A9D23E7884F5800C722C80D1 /* Pods_NYTTest_NYTTestUITests.framework */; };
		B646C6472C94CEDD0F19AE50 /* Pods_NYTTest.framework in Frameworks */ = {isa = PBXBuildFile; fileRef = 539A21C105C91BF66820099E /* Pods_NYTTest.framework */; };
/* End PBXBuildFile section */

/* Begin PBXContainerItemProxy section */
		6291D47923DD6BAF006254A6 /* PBXContainerItemProxy */ = {
			isa = PBXContainerItemProxy;
			containerPortal = 6291D45A23DD6BAB006254A6 /* Project object */;
			proxyType = 1;
			remoteGlobalIDString = 6291D46123DD6BAB006254A6;
			remoteInfo = NYTTest;
		};
		6291D48423DD6BB0006254A6 /* PBXContainerItemProxy */ = {
			isa = PBXContainerItemProxy;
			containerPortal = 6291D45A23DD6BAB006254A6 /* Project object */;
			proxyType = 1;
			remoteGlobalIDString = 6291D46123DD6BAB006254A6;
			remoteInfo = NYTTest;
		};
/* End PBXContainerItemProxy section */

/* Begin PBXFileReference section */
		1800096012F8077023790E68 /* Pods-NYTTestTests.debug.xcconfig */ = {isa = PBXFileReference; includeInIndex = 1; lastKnownFileType = text.xcconfig; name = "Pods-NYTTestTests.debug.xcconfig"; path = "Target Support Files/Pods-NYTTestTests/Pods-NYTTestTests.debug.xcconfig"; sourceTree = "<group>"; };
		3A995E2EC158AADD217E5DC1 /* Pods-NYTTest-NYTTestUITests.debug.xcconfig */ = {isa = PBXFileReference; includeInIndex = 1; lastKnownFileType = text.xcconfig; name = "Pods-NYTTest-NYTTestUITests.debug.xcconfig"; path = "Target Support Files/Pods-NYTTest-NYTTestUITests/Pods-NYTTest-NYTTestUITests.debug.xcconfig"; sourceTree = "<group>"; };
		49B338CE1D7ECE4247440A42 /* Pods-NYTTest-NYTTestUITests.release.xcconfig */ = {isa = PBXFileReference; includeInIndex = 1; lastKnownFileType = text.xcconfig; name = "Pods-NYTTest-NYTTestUITests.release.xcconfig"; path = "Target Support Files/Pods-NYTTest-NYTTestUITests/Pods-NYTTest-NYTTestUITests.release.xcconfig"; sourceTree = "<group>"; };
		539A21C105C91BF66820099E /* Pods_NYTTest.framework */ = {isa = PBXFileReference; explicitFileType = wrapper.framework; includeInIndex = 0; path = Pods_NYTTest.framework; sourceTree = BUILT_PRODUCTS_DIR; };
		6291D46223DD6BAB006254A6 /* NYTTest.app */ = {isa = PBXFileReference; explicitFileType = wrapper.application; includeInIndex = 0; path = NYTTest.app; sourceTree = BUILT_PRODUCTS_DIR; };
		6291D46523DD6BAB006254A6 /* AppDelegate.swift */ = {isa = PBXFileReference; lastKnownFileType = sourcecode.swift; path = AppDelegate.swift; sourceTree = "<group>"; };
		6291D46723DD6BAB006254A6 /* SceneDelegate.swift */ = {isa = PBXFileReference; lastKnownFileType = sourcecode.swift; path = SceneDelegate.swift; sourceTree = "<group>"; };
		6291D46923DD6BAB006254A6 /* ViewController.swift */ = {isa = PBXFileReference; lastKnownFileType = sourcecode.swift; path = ViewController.swift; sourceTree = "<group>"; };
		6291D46C23DD6BAB006254A6 /* Base */ = {isa = PBXFileReference; lastKnownFileType = file.storyboard; name = Base; path = Base.lproj/Main.storyboard; sourceTree = "<group>"; };
		6291D46E23DD6BAF006254A6 /* Assets.xcassets */ = {isa = PBXFileReference; lastKnownFileType = folder.assetcatalog; path = Assets.xcassets; sourceTree = "<group>"; };
		6291D47123DD6BAF006254A6 /* Base */ = {isa = PBXFileReference; lastKnownFileType = file.storyboard; name = Base; path = Base.lproj/LaunchScreen.storyboard; sourceTree = "<group>"; };
		6291D47323DD6BAF006254A6 /* Info.plist */ = {isa = PBXFileReference; lastKnownFileType = text.plist.xml; path = Info.plist; sourceTree = "<group>"; };
		6291D47823DD6BAF006254A6 /* NYTTestTests.xctest */ = {isa = PBXFileReference; explicitFileType = wrapper.cfbundle; includeInIndex = 0; path = NYTTestTests.xctest; sourceTree = BUILT_PRODUCTS_DIR; };
		6291D47C23DD6BAF006254A6 /* NYTTestTests.swift */ = {isa = PBXFileReference; lastKnownFileType = sourcecode.swift; path = NYTTestTests.swift; sourceTree = "<group>"; };
		6291D47E23DD6BAF006254A6 /* Info.plist */ = {isa = PBXFileReference; lastKnownFileType = text.plist.xml; path = Info.plist; sourceTree = "<group>"; };
		6291D48323DD6BB0006254A6 /* NYTTestUITests.xctest */ = {isa = PBXFileReference; explicitFileType = wrapper.cfbundle; includeInIndex = 0; path = NYTTestUITests.xctest; sourceTree = BUILT_PRODUCTS_DIR; };
		6291D48723DD6BB0006254A6 /* NYTTestUITests.swift */ = {isa = PBXFileReference; lastKnownFileType = sourcecode.swift; path = NYTTestUITests.swift; sourceTree = "<group>"; };
		6291D48923DD6BB0006254A6 /* Info.plist */ = {isa = PBXFileReference; lastKnownFileType = text.plist.xml; path = Info.plist; sourceTree = "<group>"; };
		6291D4A023DD78C7006254A6 /* NYTModel.xcdatamodel */ = {isa = PBXFileReference; lastKnownFileType = wrapper.xcdatamodel; path = NYTModel.xcdatamodel; sourceTree = "<group>"; };
		6291D4A323DD7B82006254A6 /* NYTSection.swift */ = {isa = PBXFileReference; lastKnownFileType = sourcecode.swift; path = NYTSection.swift; sourceTree = "<group>"; };
		6291D4A523DD7BA3006254A6 /* SessionManager.swift */ = {isa = PBXFileReference; lastKnownFileType = sourcecode.swift; path = SessionManager.swift; sourceTree = "<group>"; };
		6291D4A723DD7BC1006254A6 /* Constants.swift */ = {isa = PBXFileReference; lastKnownFileType = sourcecode.swift; path = Constants.swift; sourceTree = "<group>"; };
		6291D4B023DD7C2A006254A6 /* DashboardTableViewDataSource.swift */ = {isa = PBXFileReference; lastKnownFileType = sourcecode.swift; path = DashboardTableViewDataSource.swift; sourceTree = "<group>"; };
		6291D4BE23DD7DB7006254A6 /* DashboardTableViewCell.xib */ = {isa = PBXFileReference; fileEncoding = 4; lastKnownFileType = file.xib; path = DashboardTableViewCell.xib; sourceTree = "<group>"; };
		6291D4BF23DD7DB7006254A6 /* DashboardTableViewCell.swift */ = {isa = PBXFileReference; fileEncoding = 4; lastKnownFileType = sourcecode.swift; path = DashboardTableViewCell.swift; sourceTree = "<group>"; };
		6291D4C223DD7DDA006254A6 /* DashboardViewController.xib */ = {isa = PBXFileReference; fileEncoding = 4; lastKnownFileType = file.xib; path = DashboardViewController.xib; sourceTree = "<group>"; };
		6291D4C323DD7DDB006254A6 /* DashboardViewController.swift */ = {isa = PBXFileReference; fileEncoding = 4; lastKnownFileType = sourcecode.swift; path = DashboardViewController.swift; sourceTree = "<group>"; };
		6291D4D623DD7E9E006254A6 /* ArticleRequest.swift */ = {isa = PBXFileReference; fileEncoding = 4; lastKnownFileType = sourcecode.swift; path = ArticleRequest.swift; sourceTree = "<group>"; };
		6291D4D823DD7EBB006254A6 /* Article.swift */ = {isa = PBXFileReference; fileEncoding = 4; lastKnownFileType = sourcecode.swift; path = Article.swift; sourceTree = "<group>"; };
		6291D4DA23DD7ED8006254A6 /* ArticleViewController.swift */ = {isa = PBXFileReference; fileEncoding = 4; lastKnownFileType = sourcecode.swift; path = ArticleViewController.swift; sourceTree = "<group>"; };
		6291D4DB23DD7ED8006254A6 /* ArticleViewController.xib */ = {isa = PBXFileReference; fileEncoding = 4; lastKnownFileType = file.xib; path = ArticleViewController.xib; sourceTree = "<group>"; };
		6291D4DE23DD7F19006254A6 /* ArticleTableViewCell.xib */ = {isa = PBXFileReference; fileEncoding = 4; lastKnownFileType = file.xib; path = ArticleTableViewCell.xib; sourceTree = "<group>"; };
		6291D4DF23DD7F19006254A6 /* ArticleTableViewCell.swift */ = {isa = PBXFileReference; fileEncoding = 4; lastKnownFileType = sourcecode.swift; path = ArticleTableViewCell.swift; sourceTree = "<group>"; };
		6291D4E223DD7F37006254A6 /* ArticleTableViewDataSource.swift */ = {isa = PBXFileReference; fileEncoding = 4; lastKnownFileType = sourcecode.swift; path = ArticleTableViewDataSource.swift; sourceTree = "<group>"; };
		6291D4E523DD7F8A006254A6 /* ArticleDetailViewController.swift */ = {isa = PBXFileReference; fileEncoding = 4; lastKnownFileType = sourcecode.swift; path = ArticleDetailViewController.swift; sourceTree = "<group>"; };
		6291D4E623DD7F8A006254A6 /* ArticleDetailViewController.xib */ = {isa = PBXFileReference; fileEncoding = 4; lastKnownFileType = file.xib; path = ArticleDetailViewController.xib; sourceTree = "<group>"; };
		6291D4EA23DD7FD2006254A6 /* UIColorExtension.swift */ = {isa = PBXFileReference; fileEncoding = 4; lastKnownFileType = sourcecode.swift; path = UIColorExtension.swift; sourceTree = "<group>"; };
		6291D4EB23DD7FD2006254A6 /* UIFontExtension.swift */ = {isa = PBXFileReference; fileEncoding = 4; lastKnownFileType = sourcecode.swift; path = UIFontExtension.swift; sourceTree = "<group>"; };
		6291D4EC23DD7FD2006254A6 /* DateExtension.swift */ = {isa = PBXFileReference; fileEncoding = 4; lastKnownFileType = sourcecode.swift; path = DateExtension.swift; sourceTree = "<group>"; };
		6291D4F123DD802F006254A6 /* FileReader.swift */ = {isa = PBXFileReference; fileEncoding = 4; lastKnownFileType = sourcecode.swift; path = FileReader.swift; sourceTree = "<group>"; };
		6291D4F223DD802F006254A6 /* ErrorInfo.swift */ = {isa = PBXFileReference; fileEncoding = 4; lastKnownFileType = sourcecode.swift; path = ErrorInfo.swift; sourceTree = "<group>"; };
		6291D4F323DD802F006254A6 /* AppAppearenceHelper.swift */ = {isa = PBXFileReference; fileEncoding = 4; lastKnownFileType = sourcecode.swift; path = AppAppearenceHelper.swift; sourceTree = "<group>"; };
		6291D4F423DD802F006254A6 /* ErrorHandler.swift */ = {isa = PBXFileReference; fileEncoding = 4; lastKnownFileType = sourcecode.swift; path = ErrorHandler.swift; sourceTree = "<group>"; };
		62FB3EEC2A7B25CCEC1806EA /* Pods-NYTTest.debug.xcconfig */ = {isa = PBXFileReference; includeInIndex = 1; lastKnownFileType = text.xcconfig; name = "Pods-NYTTest.debug.xcconfig"; path = "Target Support Files/Pods-NYTTest/Pods-NYTTest.debug.xcconfig"; sourceTree = "<group>"; };
		88A3940383B1E608091C176A /* Pods_NYTTestTests.framework */ = {isa = PBXFileReference; explicitFileType = wrapper.framework; includeInIndex = 0; path = Pods_NYTTestTests.framework; sourceTree = BUILT_PRODUCTS_DIR; };
		8CB2210EFC690F0E54CA6496 /* Pods-NYTTest.release.xcconfig */ = {isa = PBXFileReference; includeInIndex = 1; lastKnownFileType = text.xcconfig; name = "Pods-NYTTest.release.xcconfig"; path = "Target Support Files/Pods-NYTTest/Pods-NYTTest.release.xcconfig"; sourceTree = "<group>"; };
		A9D23E7884F5800C722C80D1 /* Pods_NYTTest_NYTTestUITests.framework */ = {isa = PBXFileReference; explicitFileType = wrapper.framework; includeInIndex = 0; path = Pods_NYTTest_NYTTestUITests.framework; sourceTree = BUILT_PRODUCTS_DIR; };
		CCBA99CD554457814B3B5E0A /* Pods-NYTTestTests.release.xcconfig */ = {isa = PBXFileReference; includeInIndex = 1; lastKnownFileType = text.xcconfig; name = "Pods-NYTTestTests.release.xcconfig"; path = "Target Support Files/Pods-NYTTestTests/Pods-NYTTestTests.release.xcconfig"; sourceTree = "<group>"; };
/* End PBXFileReference section */

/* Begin PBXFrameworksBuildPhase section */
		6291D45F23DD6BAB006254A6 /* Frameworks */ = {
			isa = PBXFrameworksBuildPhase;
			buildActionMask = 2147483647;
			files = (
				B646C6472C94CEDD0F19AE50 /* Pods_NYTTest.framework in Frameworks */,
			);
			runOnlyForDeploymentPostprocessing = 0;
		};
		6291D47523DD6BAF006254A6 /* Frameworks */ = {
			isa = PBXFrameworksBuildPhase;
			buildActionMask = 2147483647;
			files = (
				577FF304D86421F7CF8871A9 /* Pods_NYTTestTests.framework in Frameworks */,
			);
			runOnlyForDeploymentPostprocessing = 0;
		};
		6291D48023DD6BB0006254A6 /* Frameworks */ = {
			isa = PBXFrameworksBuildPhase;
			buildActionMask = 2147483647;
			files = (
				7E6EADC4B2D2A5F6765149D2 /* Pods_NYTTest_NYTTestUITests.framework in Frameworks */,
			);
			runOnlyForDeploymentPostprocessing = 0;
		};
/* End PBXFrameworksBuildPhase section */

/* Begin PBXGroup section */
		14DAF8EA8229B8A93C7186B1 /* Frameworks */ = {
			isa = PBXGroup;
			children = (
				539A21C105C91BF66820099E /* Pods_NYTTest.framework */,
				A9D23E7884F5800C722C80D1 /* Pods_NYTTest_NYTTestUITests.framework */,
				88A3940383B1E608091C176A /* Pods_NYTTestTests.framework */,
			);
			name = Frameworks;
			sourceTree = "<group>";
		};
		6291D45923DD6BAB006254A6 = {
			isa = PBXGroup;
			children = (
				6291D46423DD6BAB006254A6 /* NYTTest */,
				6291D47B23DD6BAF006254A6 /* NYTTestTests */,
				6291D48623DD6BB0006254A6 /* NYTTestUITests */,
				6291D46323DD6BAB006254A6 /* Products */,
				A8D093179CF89E092E0B56ED /* Pods */,
				14DAF8EA8229B8A93C7186B1 /* Frameworks */,
			);
			sourceTree = "<group>";
		};
		6291D46323DD6BAB006254A6 /* Products */ = {
			isa = PBXGroup;
			children = (
				6291D46223DD6BAB006254A6 /* NYTTest.app */,
				6291D47823DD6BAF006254A6 /* NYTTestTests.xctest */,
				6291D48323DD6BB0006254A6 /* NYTTestUITests.xctest */,
			);
			name = Products;
			sourceTree = "<group>";
		};
		6291D46423DD6BAB006254A6 /* NYTTest */ = {
			isa = PBXGroup;
			children = (
				6291D4F023DD800F006254A6 /* Helper */,
				6291D4E923DD7FAE006254A6 /* Extension */,
				6291D4A923DD7BD9006254A6 /* Features */,
				6291D4A223DD7B69006254A6 /* Common */,
				6291D49E23DD78A9006254A6 /* Resources */,
				6291D46523DD6BAB006254A6 /* AppDelegate.swift */,
				6291D46723DD6BAB006254A6 /* SceneDelegate.swift */,
				6291D46923DD6BAB006254A6 /* ViewController.swift */,
				6291D46B23DD6BAB006254A6 /* Main.storyboard */,
				6291D46E23DD6BAF006254A6 /* Assets.xcassets */,
				6291D47023DD6BAF006254A6 /* LaunchScreen.storyboard */,
				6291D47323DD6BAF006254A6 /* Info.plist */,
			);
			path = NYTTest;
			sourceTree = "<group>";
		};
		6291D47B23DD6BAF006254A6 /* NYTTestTests */ = {
			isa = PBXGroup;
			children = (
				6291D47C23DD6BAF006254A6 /* NYTTestTests.swift */,
				6291D47E23DD6BAF006254A6 /* Info.plist */,
			);
			path = NYTTestTests;
			sourceTree = "<group>";
		};
		6291D48623DD6BB0006254A6 /* NYTTestUITests */ = {
			isa = PBXGroup;
			children = (
				6291D48723DD6BB0006254A6 /* NYTTestUITests.swift */,
				6291D48923DD6BB0006254A6 /* Info.plist */,
			);
			path = NYTTestUITests;
			sourceTree = "<group>";
		};
		6291D49E23DD78A9006254A6 /* Resources */ = {
			isa = PBXGroup;
			children = (
				6291D49F23DD78C7006254A6 /* NYTModel.xcdatamodeld */,
			);
			path = Resources;
			sourceTree = "<group>";
		};
		6291D4A223DD7B69006254A6 /* Common */ = {
			isa = PBXGroup;
			children = (
				6291D4A323DD7B82006254A6 /* NYTSection.swift */,
				6291D4A523DD7BA3006254A6 /* SessionManager.swift */,
				6291D4A723DD7BC1006254A6 /* Constants.swift */,
			);
			path = Common;
			sourceTree = "<group>";
		};
		6291D4A923DD7BD9006254A6 /* Features */ = {
			isa = PBXGroup;
			children = (
				6291D4D023DD7E4E006254A6 /* Articles */,
				6291D4AC23DD7BF5006254A6 /* Dashboard */,
				6291D4AA23DD7BE4006254A6 /* ArticleDetail */,
			);
			path = Features;
			sourceTree = "<group>";
		};
		6291D4AA23DD7BE4006254A6 /* ArticleDetail */ = {
			isa = PBXGroup;
			children = (
				6291D4E423DD7F5A006254A6 /* ViewController */,
			);
			path = ArticleDetail;
			sourceTree = "<group>";
		};
		6291D4AC23DD7BF5006254A6 /* Dashboard */ = {
			isa = PBXGroup;
			children = (
				6291D4AF23DD7C13006254A6 /* ViewController */,
				6291D4AE23DD7C06006254A6 /* Cell */,
				6291D4AD23DD7BFF006254A6 /* Datasource */,
			);
			path = Dashboard;
			sourceTree = "<group>";
		};
		6291D4AD23DD7BFF006254A6 /* Datasource */ = {
			isa = PBXGroup;
			children = (
				6291D4B023DD7C2A006254A6 /* DashboardTableViewDataSource.swift */,
			);
			path = Datasource;
			sourceTree = "<group>";
		};
		6291D4AE23DD7C06006254A6 /* Cell */ = {
			isa = PBXGroup;
			children = (
				6291D4BF23DD7DB7006254A6 /* DashboardTableViewCell.swift */,
				6291D4BE23DD7DB7006254A6 /* DashboardTableViewCell.xib */,
			);
			path = Cell;
			sourceTree = "<group>";
		};
		6291D4AF23DD7C13006254A6 /* ViewController */ = {
			isa = PBXGroup;
			children = (
				6291D4C323DD7DDB006254A6 /* DashboardViewController.swift */,
				6291D4C223DD7DDA006254A6 /* DashboardViewController.xib */,
			);
			path = ViewController;
			sourceTree = "<group>";
		};
		6291D4D023DD7E4E006254A6 /* Articles */ = {
			isa = PBXGroup;
			children = (
				6291D4D523DD7E8C006254A6 /* Request */,
				6291D4D423DD7E85006254A6 /* Model */,
				6291D4D323DD7E79006254A6 /* ViewController */,
				6291D4D223DD7E74006254A6 /* Cell */,
				6291D4D123DD7E6D006254A6 /* DataSource */,
			);
			path = Articles;
			sourceTree = "<group>";
		};
		6291D4D123DD7E6D006254A6 /* DataSource */ = {
			isa = PBXGroup;
			children = (
				6291D4E223DD7F37006254A6 /* ArticleTableViewDataSource.swift */,
			);
			path = DataSource;
			sourceTree = "<group>";
		};
		6291D4D223DD7E74006254A6 /* Cell */ = {
			isa = PBXGroup;
			children = (
				6291D4DF23DD7F19006254A6 /* ArticleTableViewCell.swift */,
				6291D4DE23DD7F19006254A6 /* ArticleTableViewCell.xib */,
			);
			path = Cell;
			sourceTree = "<group>";
		};
		6291D4D323DD7E79006254A6 /* ViewController */ = {
			isa = PBXGroup;
			children = (
				6291D4DA23DD7ED8006254A6 /* ArticleViewController.swift */,
				6291D4DB23DD7ED8006254A6 /* ArticleViewController.xib */,
			);
			path = ViewController;
			sourceTree = "<group>";
		};
		6291D4D423DD7E85006254A6 /* Model */ = {
			isa = PBXGroup;
			children = (
				6291D4D823DD7EBB006254A6 /* Article.swift */,
			);
			path = Model;
			sourceTree = "<group>";
		};
		6291D4D523DD7E8C006254A6 /* Request */ = {
			isa = PBXGroup;
			children = (
				6291D4D623DD7E9E006254A6 /* ArticleRequest.swift */,
			);
			path = Request;
			sourceTree = "<group>";
		};
		6291D4E423DD7F5A006254A6 /* ViewController */ = {
			isa = PBXGroup;
			children = (
				6291D4E523DD7F8A006254A6 /* ArticleDetailViewController.swift */,
				6291D4E623DD7F8A006254A6 /* ArticleDetailViewController.xib */,
			);
			path = ViewController;
			sourceTree = "<group>";
		};
		6291D4E923DD7FAE006254A6 /* Extension */ = {
			isa = PBXGroup;
			children = (
				6291D4EC23DD7FD2006254A6 /* DateExtension.swift */,
				6291D4EA23DD7FD2006254A6 /* UIColorExtension.swift */,
				6291D4EB23DD7FD2006254A6 /* UIFontExtension.swift */,
			);
			path = Extension;
			sourceTree = "<group>";
		};
		6291D4F023DD800F006254A6 /* Helper */ = {
			isa = PBXGroup;
			children = (
				6291D4F323DD802F006254A6 /* AppAppearenceHelper.swift */,
				6291D4F423DD802F006254A6 /* ErrorHandler.swift */,
				6291D4F223DD802F006254A6 /* ErrorInfo.swift */,
				6291D4F123DD802F006254A6 /* FileReader.swift */,
			);
			path = Helper;
			sourceTree = "<group>";
		};
		A8D093179CF89E092E0B56ED /* Pods */ = {
			isa = PBXGroup;
			children = (
				62FB3EEC2A7B25CCEC1806EA /* Pods-NYTTest.debug.xcconfig */,
				8CB2210EFC690F0E54CA6496 /* Pods-NYTTest.release.xcconfig */,
				3A995E2EC158AADD217E5DC1 /* Pods-NYTTest-NYTTestUITests.debug.xcconfig */,
				49B338CE1D7ECE4247440A42 /* Pods-NYTTest-NYTTestUITests.release.xcconfig */,
				1800096012F8077023790E68 /* Pods-NYTTestTests.debug.xcconfig */,
				CCBA99CD554457814B3B5E0A /* Pods-NYTTestTests.release.xcconfig */,
			);
			path = Pods;
			sourceTree = "<group>";
		};
/* End PBXGroup section */

/* Begin PBXNativeTarget section */
		6291D46123DD6BAB006254A6 /* NYTTest */ = {
			isa = PBXNativeTarget;
			buildConfigurationList = 6291D48C23DD6BB0006254A6 /* Build configuration list for PBXNativeTarget "NYTTest" */;
			buildPhases = (
				4EDCAC25273CDD6F05E97D97 /* [CP] Check Pods Manifest.lock */,
				6291D45E23DD6BAB006254A6 /* Sources */,
				6291D45F23DD6BAB006254A6 /* Frameworks */,
				6291D46023DD6BAB006254A6 /* Resources */,
				F81DC6EE885588DD90C0CA86 /* [CP] Embed Pods Frameworks */,
			);
			buildRules = (
			);
			dependencies = (
			);
			name = NYTTest;
			productName = NYTTest;
			productReference = 6291D46223DD6BAB006254A6 /* NYTTest.app */;
			productType = "com.apple.product-type.application";
		};
		6291D47723DD6BAF006254A6 /* NYTTestTests */ = {
			isa = PBXNativeTarget;
			buildConfigurationList = 6291D48F23DD6BB0006254A6 /* Build configuration list for PBXNativeTarget "NYTTestTests" */;
			buildPhases = (
				33549032948672DFFF0A879F /* [CP] Check Pods Manifest.lock */,
				6291D47423DD6BAF006254A6 /* Sources */,
				6291D47523DD6BAF006254A6 /* Frameworks */,
				6291D47623DD6BAF006254A6 /* Resources */,
			);
			buildRules = (
			);
			dependencies = (
				6291D47A23DD6BAF006254A6 /* PBXTargetDependency */,
			);
			name = NYTTestTests;
			productName = NYTTestTests;
			productReference = 6291D47823DD6BAF006254A6 /* NYTTestTests.xctest */;
			productType = "com.apple.product-type.bundle.unit-test";
		};
		6291D48223DD6BB0006254A6 /* NYTTestUITests */ = {
			isa = PBXNativeTarget;
			buildConfigurationList = 6291D49223DD6BB0006254A6 /* Build configuration list for PBXNativeTarget "NYTTestUITests" */;
			buildPhases = (
				EC3992AB7360B373936A043B /* [CP] Check Pods Manifest.lock */,
				6291D47F23DD6BB0006254A6 /* Sources */,
				6291D48023DD6BB0006254A6 /* Frameworks */,
				6291D48123DD6BB0006254A6 /* Resources */,
				8BCA5DEE4F9250428FFEAA9E /* [CP] Embed Pods Frameworks */,
			);
			buildRules = (
			);
			dependencies = (
				6291D48523DD6BB0006254A6 /* PBXTargetDependency */,
			);
			name = NYTTestUITests;
			productName = NYTTestUITests;
			productReference = 6291D48323DD6BB0006254A6 /* NYTTestUITests.xctest */;
			productType = "com.apple.product-type.bundle.ui-testing";
		};
/* End PBXNativeTarget section */

/* Begin PBXProject section */
		6291D45A23DD6BAB006254A6 /* Project object */ = {
			isa = PBXProject;
			attributes = {
				LastSwiftUpdateCheck = 1130;
				LastUpgradeCheck = 1130;
				ORGANIZATIONNAME = "Rupesh Jaiswal";
				TargetAttributes = {
					6291D46123DD6BAB006254A6 = {
						CreatedOnToolsVersion = 11.3;
					};
					6291D47723DD6BAF006254A6 = {
						CreatedOnToolsVersion = 11.3;
						TestTargetID = 6291D46123DD6BAB006254A6;
					};
					6291D48223DD6BB0006254A6 = {
						CreatedOnToolsVersion = 11.3;
						TestTargetID = 6291D46123DD6BAB006254A6;
					};
				};
			};
			buildConfigurationList = 6291D45D23DD6BAB006254A6 /* Build configuration list for PBXProject "NYTTest" */;
			compatibilityVersion = "Xcode 9.3";
			developmentRegion = en;
			hasScannedForEncodings = 0;
			knownRegions = (
				en,
				Base,
			);
			mainGroup = 6291D45923DD6BAB006254A6;
			productRefGroup = 6291D46323DD6BAB006254A6 /* Products */;
			projectDirPath = "";
			projectRoot = "";
			targets = (
				6291D46123DD6BAB006254A6 /* NYTTest */,
				6291D47723DD6BAF006254A6 /* NYTTestTests */,
				6291D48223DD6BB0006254A6 /* NYTTestUITests */,
			);
		};
/* End PBXProject section */

/* Begin PBXResourcesBuildPhase section */
		6291D46023DD6BAB006254A6 /* Resources */ = {
			isa = PBXResourcesBuildPhase;
			buildActionMask = 2147483647;
			files = (
				6291D47223DD6BAF006254A6 /* LaunchScreen.storyboard in Resources */,
				6291D4DD23DD7ED8006254A6 /* ArticleViewController.xib in Resources */,
				6291D46F23DD6BAF006254A6 /* Assets.xcassets in Resources */,
				6291D4C423DD7DDB006254A6 /* DashboardViewController.xib in Resources */,
				6291D4E023DD7F19006254A6 /* ArticleTableViewCell.xib in Resources */,
				6291D4C023DD7DB8006254A6 /* DashboardTableViewCell.xib in Resources */,
				6291D4E823DD7F8A006254A6 /* ArticleDetailViewController.xib in Resources */,
				6291D46D23DD6BAB006254A6 /* Main.storyboard in Resources */,
			);
			runOnlyForDeploymentPostprocessing = 0;
		};
		6291D47623DD6BAF006254A6 /* Resources */ = {
			isa = PBXResourcesBuildPhase;
			buildActionMask = 2147483647;
			files = (
			);
			runOnlyForDeploymentPostprocessing = 0;
		};
		6291D48123DD6BB0006254A6 /* Resources */ = {
			isa = PBXResourcesBuildPhase;
			buildActionMask = 2147483647;
			files = (
			);
			runOnlyForDeploymentPostprocessing = 0;
		};
/* End PBXResourcesBuildPhase section */

/* Begin PBXShellScriptBuildPhase section */
		33549032948672DFFF0A879F /* [CP] Check Pods Manifest.lock */ = {
			isa = PBXShellScriptBuildPhase;
			buildActionMask = 2147483647;
			files = (
			);
			inputFileListPaths = (
			);
			inputPaths = (
				"${PODS_PODFILE_DIR_PATH}/Podfile.lock",
				"${PODS_ROOT}/Manifest.lock",
			);
			name = "[CP] Check Pods Manifest.lock";
			outputFileListPaths = (
			);
			outputPaths = (
				"$(DERIVED_FILE_DIR)/Pods-NYTTestTests-checkManifestLockResult.txt",
			);
			runOnlyForDeploymentPostprocessing = 0;
			shellPath = /bin/sh;
			shellScript = "diff \"${PODS_PODFILE_DIR_PATH}/Podfile.lock\" \"${PODS_ROOT}/Manifest.lock\" > /dev/null\nif [ $? != 0 ] ; then\n    # print error to STDERR\n    echo \"error: The sandbox is not in sync with the Podfile.lock. Run 'pod install' or update your CocoaPods installation.\" >&2\n    exit 1\nfi\n# This output is used by Xcode 'outputs' to avoid re-running this script phase.\necho \"SUCCESS\" > \"${SCRIPT_OUTPUT_FILE_0}\"\n";
			showEnvVarsInLog = 0;
		};
		4EDCAC25273CDD6F05E97D97 /* [CP] Check Pods Manifest.lock */ = {
			isa = PBXShellScriptBuildPhase;
			buildActionMask = 2147483647;
			files = (
			);
			inputFileListPaths = (
			);
			inputPaths = (
				"${PODS_PODFILE_DIR_PATH}/Podfile.lock",
				"${PODS_ROOT}/Manifest.lock",
			);
			name = "[CP] Check Pods Manifest.lock";
			outputFileListPaths = (
			);
			outputPaths = (
				"$(DERIVED_FILE_DIR)/Pods-NYTTest-checkManifestLockResult.txt",
			);
			runOnlyForDeploymentPostprocessing = 0;
			shellPath = /bin/sh;
			shellScript = "diff \"${PODS_PODFILE_DIR_PATH}/Podfile.lock\" \"${PODS_ROOT}/Manifest.lock\" > /dev/null\nif [ $? != 0 ] ; then\n    # print error to STDERR\n    echo \"error: The sandbox is not in sync with the Podfile.lock. Run 'pod install' or update your CocoaPods installation.\" >&2\n    exit 1\nfi\n# This output is used by Xcode 'outputs' to avoid re-running this script phase.\necho \"SUCCESS\" > \"${SCRIPT_OUTPUT_FILE_0}\"\n";
			showEnvVarsInLog = 0;
		};
		8BCA5DEE4F9250428FFEAA9E /* [CP] Embed Pods Frameworks */ = {
			isa = PBXShellScriptBuildPhase;
			buildActionMask = 2147483647;
			files = (
			);
			inputFileListPaths = (
				"${PODS_ROOT}/Target Support Files/Pods-NYTTest-NYTTestUITests/Pods-NYTTest-NYTTestUITests-frameworks-${CONFIGURATION}-input-files.xcfilelist",
			);
			name = "[CP] Embed Pods Frameworks";
			outputFileListPaths = (
				"${PODS_ROOT}/Target Support Files/Pods-NYTTest-NYTTestUITests/Pods-NYTTest-NYTTestUITests-frameworks-${CONFIGURATION}-output-files.xcfilelist",
			);
			runOnlyForDeploymentPostprocessing = 0;
			shellPath = /bin/sh;
			shellScript = "\"${PODS_ROOT}/Target Support Files/Pods-NYTTest-NYTTestUITests/Pods-NYTTest-NYTTestUITests-frameworks.sh\"\n";
			showEnvVarsInLog = 0;
		};
		EC3992AB7360B373936A043B /* [CP] Check Pods Manifest.lock */ = {
			isa = PBXShellScriptBuildPhase;
			buildActionMask = 2147483647;
			files = (
			);
			inputFileListPaths = (
			);
			inputPaths = (
				"${PODS_PODFILE_DIR_PATH}/Podfile.lock",
				"${PODS_ROOT}/Manifest.lock",
			);
			name = "[CP] Check Pods Manifest.lock";
			outputFileListPaths = (
			);
			outputPaths = (
				"$(DERIVED_FILE_DIR)/Pods-NYTTest-NYTTestUITests-checkManifestLockResult.txt",
			);
			runOnlyForDeploymentPostprocessing = 0;
			shellPath = /bin/sh;
			shellScript = "diff \"${PODS_PODFILE_DIR_PATH}/Podfile.lock\" \"${PODS_ROOT}/Manifest.lock\" > /dev/null\nif [ $? != 0 ] ; then\n    # print error to STDERR\n    echo \"error: The sandbox is not in sync with the Podfile.lock. Run 'pod install' or update your CocoaPods installation.\" >&2\n    exit 1\nfi\n# This output is used by Xcode 'outputs' to avoid re-running this script phase.\necho \"SUCCESS\" > \"${SCRIPT_OUTPUT_FILE_0}\"\n";
			showEnvVarsInLog = 0;
		};
		F81DC6EE885588DD90C0CA86 /* [CP] Embed Pods Frameworks */ = {
			isa = PBXShellScriptBuildPhase;
			buildActionMask = 2147483647;
			files = (
			);
			inputFileListPaths = (
				"${PODS_ROOT}/Target Support Files/Pods-NYTTest/Pods-NYTTest-frameworks-${CONFIGURATION}-input-files.xcfilelist",
			);
			name = "[CP] Embed Pods Frameworks";
			outputFileListPaths = (
				"${PODS_ROOT}/Target Support Files/Pods-NYTTest/Pods-NYTTest-frameworks-${CONFIGURATION}-output-files.xcfilelist",
			);
			runOnlyForDeploymentPostprocessing = 0;
			shellPath = /bin/sh;
			shellScript = "\"${PODS_ROOT}/Target Support Files/Pods-NYTTest/Pods-NYTTest-frameworks.sh\"\n";
			showEnvVarsInLog = 0;
		};
/* End PBXShellScriptBuildPhase section */

/* Begin PBXSourcesBuildPhase section */
		6291D45E23DD6BAB006254A6 /* Sources */ = {
			isa = PBXSourcesBuildPhase;
			buildActionMask = 2147483647;
			files = (
				6291D4ED23DD7FD2006254A6 /* UIColorExtension.swift in Sources */,
				6291D46A23DD6BAB006254A6 /* ViewController.swift in Sources */,
				6291D4A123DD78C7006254A6 /* NYTModel.xcdatamodeld in Sources */,
				6291D46623DD6BAB006254A6 /* AppDelegate.swift in Sources */,
				6291D4A423DD7B82006254A6 /* NYTSection.swift in Sources */,
				6291D4EF23DD7FD2006254A6 /* DateExtension.swift in Sources */,
				6291D4F523DD802F006254A6 /* FileReader.swift in Sources */,
				6291D4F723DD802F006254A6 /* AppAppearenceHelper.swift in Sources */,
				6291D46823DD6BAB006254A6 /* SceneDelegate.swift in Sources */,
				6291D4B123DD7C2A006254A6 /* DashboardTableViewDataSource.swift in Sources */,
				6291D4F823DD802F006254A6 /* ErrorHandler.swift in Sources */,
				6291D4E723DD7F8A006254A6 /* ArticleDetailViewController.swift in Sources */,
				6291D4D723DD7E9E006254A6 /* ArticleRequest.swift in Sources */,
				6291D4E323DD7F37006254A6 /* ArticleTableViewDataSource.swift in Sources */,
				6291D4EE23DD7FD2006254A6 /* UIFontExtension.swift in Sources */,
				6291D4C123DD7DB8006254A6 /* DashboardTableViewCell.swift in Sources */,
				6291D4D923DD7EBB006254A6 /* Article.swift in Sources */,
				6291D4C523DD7DDB006254A6 /* DashboardViewController.swift in Sources */,
				6291D4F623DD802F006254A6 /* ErrorInfo.swift in Sources */,
				6291D4DC23DD7ED8006254A6 /* ArticleViewController.swift in Sources */,
				6291D4A623DD7BA3006254A6 /* SessionManager.swift in Sources */,
				6291D4E123DD7F19006254A6 /* ArticleTableViewCell.swift in Sources */,
				6291D4A823DD7BC1006254A6 /* Constants.swift in Sources */,
			);
			runOnlyForDeploymentPostprocessing = 0;
		};
		6291D47423DD6BAF006254A6 /* Sources */ = {
			isa = PBXSourcesBuildPhase;
			buildActionMask = 2147483647;
			files = (
				6291D47D23DD6BAF006254A6 /* NYTTestTests.swift in Sources */,
			);
			runOnlyForDeploymentPostprocessing = 0;
		};
		6291D47F23DD6BB0006254A6 /* Sources */ = {
			isa = PBXSourcesBuildPhase;
			buildActionMask = 2147483647;
			files = (
				6291D48823DD6BB0006254A6 /* NYTTestUITests.swift in Sources */,
			);
			runOnlyForDeploymentPostprocessing = 0;
		};
/* End PBXSourcesBuildPhase section */

/* Begin PBXTargetDependency section */
		6291D47A23DD6BAF006254A6 /* PBXTargetDependency */ = {
			isa = PBXTargetDependency;
			target = 6291D46123DD6BAB006254A6 /* NYTTest */;
			targetProxy = 6291D47923DD6BAF006254A6 /* PBXContainerItemProxy */;
		};
		6291D48523DD6BB0006254A6 /* PBXTargetDependency */ = {
			isa = PBXTargetDependency;
			target = 6291D46123DD6BAB006254A6 /* NYTTest */;
			targetProxy = 6291D48423DD6BB0006254A6 /* PBXContainerItemProxy */;
		};
/* End PBXTargetDependency section */

/* Begin PBXVariantGroup section */
		6291D46B23DD6BAB006254A6 /* Main.storyboard */ = {
			isa = PBXVariantGroup;
			children = (
				6291D46C23DD6BAB006254A6 /* Base */,
			);
			name = Main.storyboard;
			sourceTree = "<group>";
		};
		6291D47023DD6BAF006254A6 /* LaunchScreen.storyboard */ = {
			isa = PBXVariantGroup;
			children = (
				6291D47123DD6BAF006254A6 /* Base */,
			);
			name = LaunchScreen.storyboard;
			sourceTree = "<group>";
		};
/* End PBXVariantGroup section */

/* Begin XCBuildConfiguration section */
		6291D48A23DD6BB0006254A6 /* Debug */ = {
			isa = XCBuildConfiguration;
			buildSettings = {
				ALWAYS_SEARCH_USER_PATHS = NO;
				CLANG_ANALYZER_NONNULL = YES;
				CLANG_ANALYZER_NUMBER_OBJECT_CONVERSION = YES_AGGRESSIVE;
				CLANG_CXX_LANGUAGE_STANDARD = "gnu++14";
				CLANG_CXX_LIBRARY = "libc++";
				CLANG_ENABLE_MODULES = YES;
				CLANG_ENABLE_OBJC_ARC = YES;
				CLANG_ENABLE_OBJC_WEAK = YES;
				CLANG_WARN_BLOCK_CAPTURE_AUTORELEASING = YES;
				CLANG_WARN_BOOL_CONVERSION = YES;
				CLANG_WARN_COMMA = YES;
				CLANG_WARN_CONSTANT_CONVERSION = YES;
				CLANG_WARN_DEPRECATED_OBJC_IMPLEMENTATIONS = YES;
				CLANG_WARN_DIRECT_OBJC_ISA_USAGE = YES_ERROR;
				CLANG_WARN_DOCUMENTATION_COMMENTS = YES;
				CLANG_WARN_EMPTY_BODY = YES;
				CLANG_WARN_ENUM_CONVERSION = YES;
				CLANG_WARN_INFINITE_RECURSION = YES;
				CLANG_WARN_INT_CONVERSION = YES;
				CLANG_WARN_NON_LITERAL_NULL_CONVERSION = YES;
				CLANG_WARN_OBJC_IMPLICIT_RETAIN_SELF = YES;
				CLANG_WARN_OBJC_LITERAL_CONVERSION = YES;
				CLANG_WARN_OBJC_ROOT_CLASS = YES_ERROR;
				CLANG_WARN_RANGE_LOOP_ANALYSIS = YES;
				CLANG_WARN_STRICT_PROTOTYPES = YES;
				CLANG_WARN_SUSPICIOUS_MOVE = YES;
				CLANG_WARN_UNGUARDED_AVAILABILITY = YES_AGGRESSIVE;
				CLANG_WARN_UNREACHABLE_CODE = YES;
				CLANG_WARN__DUPLICATE_METHOD_MATCH = YES;
				COPY_PHASE_STRIP = NO;
				DEBUG_INFORMATION_FORMAT = dwarf;
				ENABLE_STRICT_OBJC_MSGSEND = YES;
				ENABLE_TESTABILITY = YES;
				GCC_C_LANGUAGE_STANDARD = gnu11;
				GCC_DYNAMIC_NO_PIC = NO;
				GCC_NO_COMMON_BLOCKS = YES;
				GCC_OPTIMIZATION_LEVEL = 0;
				GCC_PREPROCESSOR_DEFINITIONS = (
					"DEBUG=1",
					"$(inherited)",
				);
				GCC_WARN_64_TO_32_BIT_CONVERSION = YES;
				GCC_WARN_ABOUT_RETURN_TYPE = YES_ERROR;
				GCC_WARN_UNDECLARED_SELECTOR = YES;
				GCC_WARN_UNINITIALIZED_AUTOS = YES_AGGRESSIVE;
				GCC_WARN_UNUSED_FUNCTION = YES;
				GCC_WARN_UNUSED_VARIABLE = YES;
				IPHONEOS_DEPLOYMENT_TARGET = 13.2;
				MTL_ENABLE_DEBUG_INFO = INCLUDE_SOURCE;
				MTL_FAST_MATH = YES;
				ONLY_ACTIVE_ARCH = YES;
				SDKROOT = iphoneos;
				SWIFT_ACTIVE_COMPILATION_CONDITIONS = DEBUG;
				SWIFT_OPTIMIZATION_LEVEL = "-Onone";
			};
			name = Debug;
		};
		6291D48B23DD6BB0006254A6 /* Release */ = {
			isa = XCBuildConfiguration;
			buildSettings = {
				ALWAYS_SEARCH_USER_PATHS = NO;
				CLANG_ANALYZER_NONNULL = YES;
				CLANG_ANALYZER_NUMBER_OBJECT_CONVERSION = YES_AGGRESSIVE;
				CLANG_CXX_LANGUAGE_STANDARD = "gnu++14";
				CLANG_CXX_LIBRARY = "libc++";
				CLANG_ENABLE_MODULES = YES;
				CLANG_ENABLE_OBJC_ARC = YES;
				CLANG_ENABLE_OBJC_WEAK = YES;
				CLANG_WARN_BLOCK_CAPTURE_AUTORELEASING = YES;
				CLANG_WARN_BOOL_CONVERSION = YES;
				CLANG_WARN_COMMA = YES;
				CLANG_WARN_CONSTANT_CONVERSION = YES;
				CLANG_WARN_DEPRECATED_OBJC_IMPLEMENTATIONS = YES;
				CLANG_WARN_DIRECT_OBJC_ISA_USAGE = YES_ERROR;
				CLANG_WARN_DOCUMENTATION_COMMENTS = YES;
				CLANG_WARN_EMPTY_BODY = YES;
				CLANG_WARN_ENUM_CONVERSION = YES;
				CLANG_WARN_INFINITE_RECURSION = YES;
				CLANG_WARN_INT_CONVERSION = YES;
				CLANG_WARN_NON_LITERAL_NULL_CONVERSION = YES;
				CLANG_WARN_OBJC_IMPLICIT_RETAIN_SELF = YES;
				CLANG_WARN_OBJC_LITERAL_CONVERSION = YES;
				CLANG_WARN_OBJC_ROOT_CLASS = YES_ERROR;
				CLANG_WARN_RANGE_LOOP_ANALYSIS = YES;
				CLANG_WARN_STRICT_PROTOTYPES = YES;
				CLANG_WARN_SUSPICIOUS_MOVE = YES;
				CLANG_WARN_UNGUARDED_AVAILABILITY = YES_AGGRESSIVE;
				CLANG_WARN_UNREACHABLE_CODE = YES;
				CLANG_WARN__DUPLICATE_METHOD_MATCH = YES;
				COPY_PHASE_STRIP = NO;
				DEBUG_INFORMATION_FORMAT = "dwarf-with-dsym";
				ENABLE_NS_ASSERTIONS = NO;
				ENABLE_STRICT_OBJC_MSGSEND = YES;
				GCC_C_LANGUAGE_STANDARD = gnu11;
				GCC_NO_COMMON_BLOCKS = YES;
				GCC_WARN_64_TO_32_BIT_CONVERSION = YES;
				GCC_WARN_ABOUT_RETURN_TYPE = YES_ERROR;
				GCC_WARN_UNDECLARED_SELECTOR = YES;
				GCC_WARN_UNINITIALIZED_AUTOS = YES_AGGRESSIVE;
				GCC_WARN_UNUSED_FUNCTION = YES;
				GCC_WARN_UNUSED_VARIABLE = YES;
				IPHONEOS_DEPLOYMENT_TARGET = 13.2;
				MTL_ENABLE_DEBUG_INFO = NO;
				MTL_FAST_MATH = YES;
				SDKROOT = iphoneos;
				SWIFT_COMPILATION_MODE = wholemodule;
				SWIFT_OPTIMIZATION_LEVEL = "-O";
				VALIDATE_PRODUCT = YES;
			};
			name = Release;
		};
		6291D48D23DD6BB0006254A6 /* Debug */ = {
			isa = XCBuildConfiguration;
			baseConfigurationReference = 62FB3EEC2A7B25CCEC1806EA /* Pods-NYTTest.debug.xcconfig */;
			buildSettings = {
				ASSETCATALOG_COMPILER_APPICON_NAME = AppIcon;
				CODE_SIGN_STYLE = Automatic;
				INFOPLIST_FILE = NYTTest/Info.plist;
				LD_RUNPATH_SEARCH_PATHS = (
					"$(inherited)",
					"@executable_path/Frameworks",
				);
				PRODUCT_BUNDLE_IDENTIFIER = com.NYTTest;
				PRODUCT_NAME = "$(TARGET_NAME)";
				SWIFT_VERSION = 5.0;
				TARGETED_DEVICE_FAMILY = "1,2";
			};
			name = Debug;
		};
		6291D48E23DD6BB0006254A6 /* Release */ = {
			isa = XCBuildConfiguration;
			baseConfigurationReference = 8CB2210EFC690F0E54CA6496 /* Pods-NYTTest.release.xcconfig */;
			buildSettings = {
				ASSETCATALOG_COMPILER_APPICON_NAME = AppIcon;
				CODE_SIGN_STYLE = Automatic;
				INFOPLIST_FILE = NYTTest/Info.plist;
				LD_RUNPATH_SEARCH_PATHS = (
					"$(inherited)",
					"@executable_path/Frameworks",
				);
				PRODUCT_BUNDLE_IDENTIFIER = com.NYTTest;
				PRODUCT_NAME = "$(TARGET_NAME)";
				SWIFT_VERSION = 5.0;
				TARGETED_DEVICE_FAMILY = "1,2";
			};
			name = Release;
		};
		6291D49023DD6BB0006254A6 /* Debug */ = {
			isa = XCBuildConfiguration;
			baseConfigurationReference = 1800096012F8077023790E68 /* Pods-NYTTestTests.debug.xcconfig */;
			buildSettings = {
				ALWAYS_EMBED_SWIFT_STANDARD_LIBRARIES = YES;
				BUNDLE_LOADER = "$(TEST_HOST)";
				CODE_SIGN_STYLE = Automatic;
				INFOPLIST_FILE = NYTTestTests/Info.plist;
				IPHONEOS_DEPLOYMENT_TARGET = 13.2;
				LD_RUNPATH_SEARCH_PATHS = (
					"$(inherited)",
					"@executable_path/Frameworks",
					"@loader_path/Frameworks",
				);
				PRODUCT_BUNDLE_IDENTIFIER = com.NYTTestTests;
				PRODUCT_NAME = "$(TARGET_NAME)";
				SWIFT_VERSION = 5.0;
				TARGETED_DEVICE_FAMILY = "1,2";
				TEST_HOST = "$(BUILT_PRODUCTS_DIR)/NYTTest.app/NYTTest";
			};
			name = Debug;
		};
		6291D49123DD6BB0006254A6 /* Release */ = {
			isa = XCBuildConfiguration;
			baseConfigurationReference = CCBA99CD554457814B3B5E0A /* Pods-NYTTestTests.release.xcconfig */;
			buildSettings = {
				ALWAYS_EMBED_SWIFT_STANDARD_LIBRARIES = YES;
				BUNDLE_LOADER = "$(TEST_HOST)";
				CODE_SIGN_STYLE = Automatic;
				INFOPLIST_FILE = NYTTestTests/Info.plist;
				IPHONEOS_DEPLOYMENT_TARGET = 13.2;
				LD_RUNPATH_SEARCH_PATHS = (
					"$(inherited)",
					"@executable_path/Frameworks",
					"@loader_path/Frameworks",
				);
				PRODUCT_BUNDLE_IDENTIFIER = com.NYTTestTests;
				PRODUCT_NAME = "$(TARGET_NAME)";
				SWIFT_VERSION = 5.0;
				TARGETED_DEVICE_FAMILY = "1,2";
				TEST_HOST = "$(BUILT_PRODUCTS_DIR)/NYTTest.app/NYTTest";
			};
			name = Release;
		};
		6291D49323DD6BB0006254A6 /* Debug */ = {
			isa = XCBuildConfiguration;
			baseConfigurationReference = 3A995E2EC158AADD217E5DC1 /* Pods-NYTTest-NYTTestUITests.debug.xcconfig */;
			buildSettings = {
				ALWAYS_EMBED_SWIFT_STANDARD_LIBRARIES = YES;
				CODE_SIGN_STYLE = Automatic;
				INFOPLIST_FILE = NYTTestUITests/Info.plist;
				LD_RUNPATH_SEARCH_PATHS = (
					"$(inherited)",
					"@executable_path/Frameworks",
					"@loader_path/Frameworks",
				);
				PRODUCT_BUNDLE_IDENTIFIER = com.NYTTestUITests;
				PRODUCT_NAME = "$(TARGET_NAME)";
				SWIFT_VERSION = 5.0;
				TARGETED_DEVICE_FAMILY = "1,2";
				TEST_TARGET_NAME = NYTTest;
			};
			name = Debug;
		};
		6291D49423DD6BB0006254A6 /* Release */ = {
			isa = XCBuildConfiguration;
			baseConfigurationReference = 49B338CE1D7ECE4247440A42 /* Pods-NYTTest-NYTTestUITests.release.xcconfig */;
			buildSettings = {
				ALWAYS_EMBED_SWIFT_STANDARD_LIBRARIES = YES;
				CODE_SIGN_STYLE = Automatic;
				INFOPLIST_FILE = NYTTestUITests/Info.plist;
				LD_RUNPATH_SEARCH_PATHS = (
					"$(inherited)",
					"@executable_path/Frameworks",
					"@loader_path/Frameworks",
				);
				PRODUCT_BUNDLE_IDENTIFIER = com.NYTTestUITests;
				PRODUCT_NAME = "$(TARGET_NAME)";
				SWIFT_VERSION = 5.0;
				TARGETED_DEVICE_FAMILY = "1,2";
				TEST_TARGET_NAME = NYTTest;
			};
			name = Release;
		};
/* End XCBuildConfiguration section */

/* Begin XCConfigurationList section */
		6291D45D23DD6BAB006254A6 /* Build configuration list for PBXProject "NYTTest" */ = {
			isa = XCConfigurationList;
			buildConfigurations = (
				6291D48A23DD6BB0006254A6 /* Debug */,
				6291D48B23DD6BB0006254A6 /* Release */,
			);
			defaultConfigurationIsVisible = 0;
			defaultConfigurationName = Release;
		};
		6291D48C23DD6BB0006254A6 /* Build configuration list for PBXNativeTarget "NYTTest" */ = {
			isa = XCConfigurationList;
			buildConfigurations = (
				6291D48D23DD6BB0006254A6 /* Debug */,
				6291D48E23DD6BB0006254A6 /* Release */,
			);
			defaultConfigurationIsVisible = 0;
			defaultConfigurationName = Release;
		};
		6291D48F23DD6BB0006254A6 /* Build configuration list for PBXNativeTarget "NYTTestTests" */ = {
			isa = XCConfigurationList;
			buildConfigurations = (
				6291D49023DD6BB0006254A6 /* Debug */,
				6291D49123DD6BB0006254A6 /* Release */,
			);
			defaultConfigurationIsVisible = 0;
			defaultConfigurationName = Release;
		};
		6291D49223DD6BB0006254A6 /* Build configuration list for PBXNativeTarget "NYTTestUITests" */ = {
			isa = XCConfigurationList;
			buildConfigurations = (
				6291D49323DD6BB0006254A6 /* Debug */,
				6291D49423DD6BB0006254A6 /* Release */,
			);
			defaultConfigurationIsVisible = 0;
			defaultConfigurationName = Release;
		};
/* End XCConfigurationList section */

/* Begin XCVersionGroup section */
		6291D49F23DD78C7006254A6 /* NYTModel.xcdatamodeld */ = {
			isa = XCVersionGroup;
			children = (
				6291D4A023DD78C7006254A6 /* NYTModel.xcdatamodel */,
			);
			currentVersion = 6291D4A023DD78C7006254A6 /* NYTModel.xcdatamodel */;
			path = NYTModel.xcdatamodeld;
			sourceTree = "<group>";
			versionGroupType = wrapper.xcdatamodel;
		};
/* End XCVersionGroup section */
	};
	rootObject = 6291D45A23DD6BAB006254A6 /* Project object */;
}
